{
  "name": "functions",
  "requires": true,
  "lockfileVersion": 1,
  "dependencies": {
    "html-entities": {
      "version": "1.3.1",
      "resolved": "https://registry.npmjs.org/html-entities/-/html-entities-1.3.1.tgz",
      "integrity": "sha512-rhE/4Z3hIhzHAUKbW8jVcCyuT5oJCXXqhN/6mXXVCpzTmvJnoH2HL/bt3EZ6p55jbFJBeAe1ZNpL5BugLujxNA=="
    },
    "lodash": {
      "version": "4.17.15",
      "resolved": "https://registry.npmjs.org/lodash/-/lodash-4.17.15.tgz",
      "integrity": "sha512-8xOcRHvCjnocdS5cpwXQXVzmmh5e5+saE2QGoeQmbKmRS6J3VQppPOIt0MnmE+4xlZoumy0GPG0D0MVIQbNA1A=="
    },
    "long": {
      "version": "4.0.0",
      "resolved": "https://registry.npmjs.org/long/-/long-4.0.0.tgz",
      "integrity": "sha512-XsP+KhQif4bjX1kbuSiySJFNAehNxgLb6hPRGJ9QsUr8ajHkuXGdrHmFUTUUXhDwVX2R5bY4JNZEwbUiMhV+MA=="
    },
    "mnemonist": {
      "version": "0.34.0",
      "resolved": "https://registry.npmjs.org/mnemonist/-/mnemonist-0.34.0.tgz",
      "integrity": "sha512-eKQxmumFOJhd7ea/u8zVvj7gA2tD6QFkuDfUIvoT/VIq+yR1VzXpp0tM8QFgeSRig5brIN/3NUE72/wvvyc9ug==",
      "requires": {
        "obliterator": "^1.6.1"
      }
    },
    "obliterator": {
      "version": "1.6.1",
      "resolved": "https://registry.npmjs.org/obliterator/-/obliterator-1.6.1.tgz",
      "integrity": "sha512-9WXswnqINnnhOG/5SLimUlzuU1hFJUc8zkwyD59Sd+dPOMf05PmnYG/d6Q7HZ+KmgkZJa1PxRso6QdM3sTNHig=="
    },
    "pandemonium": {
      "version": "1.5.0",
      "resolved": "https://registry.npmjs.org/pandemonium/-/pandemonium-1.5.0.tgz",
      "integrity": "sha512-9PU9fy93rJhZHLMjX+4M1RwZPEYl6g7DdWKGmGNhkgBZR5+tOBVExNZc00kzdEGMxbaAvWdQy9MqGAScGwYlcA=="
    },
    "talisman": {
      "version": "1.1.1",
      "resolved": "https://registry.npmjs.org/talisman/-/talisman-1.1.1.tgz",
      "integrity": "sha512-huMFHdjI5Q/yiusME4rw9tIa9gITxwQfhjEzzAQ3BzkbJF/9CQ1pXiFJ2OtBcmTnQAEtgSV1ah5VbN6JO5gt7A==",
      "requires": {
        "html-entities": "^1.2.0",
        "lodash": "^4.17.15",
        "long": "^4.0.0",
        "mnemonist": "^0.34.0",
        "obliterator": "^1.6.1",
        "pandemonium": "^1.0.2"
      }
    }
  }
}
